# This file is automatically @generated by Cargo.
# It is not intended for manual editing.
version = 4

[[package]]
name = "eash"
version = "0.1.0"
dependencies = [
 "userlib",
]

[[package]]
name = "fbterm"
version = "0.1.0"
dependencies = [
 "userlib",
]

[[package]]
name = "httpsrv"
version = "0.1.0"
dependencies = [
 "userlib",
]

[[package]]
name = "init"
version = "0.1.0"
dependencies = [
 "userlib",
]

[[package]]
name = "install"
version = "0.1.0"
dependencies = [
 "userlib",
]

[[package]]
name = "proctest"
version = "0.1.0"
dependencies = [
 "userlib",
]

[[package]]
name = "userlib"
version = "0.1.0"
